// !$*UTF8*$!
{
	archiveVersion = 1;
	classes = {
	};
	objectVersion = 56;
	objects = {

/* Begin PBXBuildFile section */
		CE156E552A77FB1B003B9074 /* HeaderView.swift in Sources */ = {isa = PBXBuildFile; fileRef = CE156E542A77FB1B003B9074 /* HeaderView.swift */; };
		CE40C1D62A7EE4DB004991F7 /* Codable + Extensions.swift in Sources */ = {isa = PBXBuildFile; fileRef = CE40C1D52A7EE4DB004991F7 /* Codable + Extensions.swift */; };
		CE71A0B12A6C5E9E00DF729F /* TodoListAppApp.swift in Sources */ = {isa = PBXBuildFile; fileRef = CE71A0B02A6C5E9E00DF729F /* TodoListAppApp.swift */; };
		CE71A0B32A6C5E9E00DF729F /* MainView.swift in Sources */ = {isa = PBXBuildFile; fileRef = CE71A0B22A6C5E9E00DF729F /* MainView.swift */; };
		CE71A0B52A6C5E9E00DF729F /* Assets.xcassets in Resources */ = {isa = PBXBuildFile; fileRef = CE71A0B42A6C5E9E00DF729F /* Assets.xcassets */; };
		CE71A0B82A6C5E9E00DF729F /* Preview Assets.xcassets in Resources */ = {isa = PBXBuildFile; fileRef = CE71A0B72A6C5E9E00DF729F /* Preview Assets.xcassets */; };
		CE71A0C02A6C5F0400DF729F /* FirebaseAuth in Frameworks */ = {isa = PBXBuildFile; productRef = CE71A0BF2A6C5F0400DF729F /* FirebaseAuth */; };
		CE71A0C22A6C5F0400DF729F /* FirebaseFirestore in Frameworks */ = {isa = PBXBuildFile; productRef = CE71A0C12A6C5F0400DF729F /* FirebaseFirestore */; };
		CE71A0C42A6C5F0400DF729F /* FirebaseFirestoreSwift in Frameworks */ = {isa = PBXBuildFile; productRef = CE71A0C32A6C5F0400DF729F /* FirebaseFirestoreSwift */; };
		CE71A0C62A6C61BB00DF729F /* GoogleService-Info.plist in Resources */ = {isa = PBXBuildFile; fileRef = CE71A0C52A6C61BB00DF729F /* GoogleService-Info.plist */; };
		CE71A0CD2A6C652400DF729F /* User.swift in Sources */ = {isa = PBXBuildFile; fileRef = CE71A0CC2A6C652400DF729F /* User.swift */; };
		CE71A0CF2A6C653200DF729F /* TodoListItem.swift in Sources */ = {isa = PBXBuildFile; fileRef = CE71A0CE2A6C653200DF729F /* TodoListItem.swift */; };
		CE71A0D12A6C655400DF729F /* TodoListProfileView.swift in Sources */ = {isa = PBXBuildFile; fileRef = CE71A0D02A6C655400DF729F /* TodoListProfileView.swift */; };
		CE71A0D32A6C656500DF729F /* TodoListView.swift in Sources */ = {isa = PBXBuildFile; fileRef = CE71A0D22A6C656500DF729F /* TodoListView.swift */; };
		CE71A0D52A6C657500DF729F /* TodoListNewItemView.swift in Sources */ = {isa = PBXBuildFile; fileRef = CE71A0D42A6C657500DF729F /* TodoListNewItemView.swift */; };
		CE71A0D72A6C658400DF729F /* TodoListLoginView.swift in Sources */ = {isa = PBXBuildFile; fileRef = CE71A0D62A6C658400DF729F /* TodoListLoginView.swift */; };
		CE71A0D92A6C658E00DF729F /* TodoListRegisterView.swift in Sources */ = {isa = PBXBuildFile; fileRef = CE71A0D82A6C658E00DF729F /* TodoListRegisterView.swift */; };
		CE71A0DB2A6C65A200DF729F /* TodoListItemView.swift in Sources */ = {isa = PBXBuildFile; fileRef = CE71A0DA2A6C65A200DF729F /* TodoListItemView.swift */; };
		CE71A0DD2A6C65B300DF729F /* MainViewViewModel.swift in Sources */ = {isa = PBXBuildFile; fileRef = CE71A0DC2A6C65B200DF729F /* MainViewViewModel.swift */; };
		CE71A0DF2A6C65D200DF729F /* TodoListProfileViewViewModel.swift in Sources */ = {isa = PBXBuildFile; fileRef = CE71A0DE2A6C65D200DF729F /* TodoListProfileViewViewModel.swift */; };
		CE71A0E12A6C65DE00DF729F /* TodoListViewViewModel.swift in Sources */ = {isa = PBXBuildFile; fileRef = CE71A0E02A6C65DE00DF729F /* TodoListViewViewModel.swift */; };
		CE71A0E32A6C65ED00DF729F /* TodoListNewItemViewViewModel.swift in Sources */ = {isa = PBXBuildFile; fileRef = CE71A0E22A6C65ED00DF729F /* TodoListNewItemViewViewModel.swift */; };
		CE71A0E52A6C65FE00DF729F /* TodoListLoginViewViewModel.swift in Sources */ = {isa = PBXBuildFile; fileRef = CE71A0E42A6C65FE00DF729F /* TodoListLoginViewViewModel.swift */; };
		CE71A0E72A6C660E00DF729F /* TodoListRegisterViewViewModel.swift in Sources */ = {isa = PBXBuildFile; fileRef = CE71A0E62A6C660E00DF729F /* TodoListRegisterViewViewModel.swift */; };
		CE71A0E92A6C661E00DF729F /* TodoListItemViewViewModel.swift in Sources */ = {isa = PBXBuildFile; fileRef = CE71A0E82A6C661E00DF729F /* TodoListItemViewViewModel.swift */; };
		CEF3A9952A7E07C4007250DA /* ToDoListButton.swift in Sources */ = {isa = PBXBuildFile; fileRef = CEF3A9942A7E07C4007250DA /* ToDoListButton.swift */; };
/* End PBXBuildFile section */

/* Begin PBXFileReference section */
		CE156E542A77FB1B003B9074 /* HeaderView.swift */ = {isa = PBXFileReference; lastKnownFileType = sourcecode.swift; path = HeaderView.swift; sourceTree = "<group>"; };
		CE40C1D52A7EE4DB004991F7 /* Codable + Extensions.swift */ = {isa = PBXFileReference; lastKnownFileType = sourcecode.swift; path = "Codable + Extensions.swift"; sourceTree = "<group>"; };
		CE71A0AD2A6C5E9E00DF729F /* TodoListApp.app */ = {isa = PBXFileReference; explicitFileType = wrapper.application; includeInIndex = 0; path = TodoListApp.app; sourceTree = BUILT_PRODUCTS_DIR; };
		CE71A0B02A6C5E9E00DF729F /* TodoListAppApp.swift */ = {isa = PBXFileReference; lastKnownFileType = sourcecode.swift; path = TodoListAppApp.swift; sourceTree = "<group>"; };
		CE71A0B22A6C5E9E00DF729F /* MainView.swift */ = {isa = PBXFileReference; lastKnownFileType = sourcecode.swift; path = MainView.swift; sourceTree = "<group>"; };
		CE71A0B42A6C5E9E00DF729F /* Assets.xcassets */ = {isa = PBXFileReference; lastKnownFileType = folder.assetcatalog; path = Assets.xcassets; sourceTree = "<group>"; };
		CE71A0B72A6C5E9E00DF729F /* Preview Assets.xcassets */ = {isa = PBXFileReference; lastKnownFileType = folder.assetcatalog; path = "Preview Assets.xcassets"; sourceTree = "<group>"; };
		CE71A0C52A6C61BB00DF729F /* GoogleService-Info.plist */ = {isa = PBXFileReference; fileEncoding = 4; lastKnownFileType = text.plist.xml; path = "GoogleService-Info.plist"; sourceTree = "<group>"; };
		CE71A0CC2A6C652400DF729F /* User.swift */ = {isa = PBXFileReference; lastKnownFileType = sourcecode.swift; path = User.swift; sourceTree = "<group>"; };
		CE71A0CE2A6C653200DF729F /* TodoListItem.swift */ = {isa = PBXFileReference; lastKnownFileType = sourcecode.swift; path = TodoListItem.swift; sourceTree = "<group>"; };
		CE71A0D02A6C655400DF729F /* TodoListProfileView.swift */ = {isa = PBXFileReference; lastKnownFileType = sourcecode.swift; path = TodoListProfileView.swift; sourceTree = "<group>"; };
		CE71A0D22A6C656500DF729F /* TodoListView.swift */ = {isa = PBXFileReference; lastKnownFileType = sourcecode.swift; path = TodoListView.swift; sourceTree = "<group>"; };
		CE71A0D42A6C657500DF729F /* TodoListNewItemView.swift */ = {isa = PBXFileReference; lastKnownFileType = sourcecode.swift; path = TodoListNewItemView.swift; sourceTree = "<group>"; };
		CE71A0D62A6C658400DF729F /* TodoListLoginView.swift */ = {isa = PBXFileReference; lastKnownFileType = sourcecode.swift; path = TodoListLoginView.swift; sourceTree = "<group>"; };
		CE71A0D82A6C658E00DF729F /* TodoListRegisterView.swift */ = {isa = PBXFileReference; lastKnownFileType = sourcecode.swift; path = TodoListRegisterView.swift; sourceTree = "<group>"; };
		CE71A0DA2A6C65A200DF729F /* TodoListItemView.swift */ = {isa = PBXFileReference; lastKnownFileType = sourcecode.swift; path = TodoListItemView.swift; sourceTree = "<group>"; };
		CE71A0DC2A6C65B200DF729F /* MainViewViewModel.swift */ = {isa = PBXFileReference; lastKnownFileType = sourcecode.swift; path = MainViewViewModel.swift; sourceTree = "<group>"; };
		CE71A0DE2A6C65D200DF729F /* TodoListProfileViewViewModel.swift */ = {isa = PBXFileReference; lastKnownFileType = sourcecode.swift; path = TodoListProfileViewViewModel.swift; sourceTree = "<group>"; };
		CE71A0E02A6C65DE00DF729F /* TodoListViewViewModel.swift */ = {isa = PBXFileReference; lastKnownFileType = sourcecode.swift; path = TodoListViewViewModel.swift; sourceTree = "<group>"; };
		CE71A0E22A6C65ED00DF729F /* TodoListNewItemViewViewModel.swift */ = {isa = PBXFileReference; lastKnownFileType = sourcecode.swift; path = TodoListNewItemViewViewModel.swift; sourceTree = "<group>"; };
		CE71A0E42A6C65FE00DF729F /* TodoListLoginViewViewModel.swift */ = {isa = PBXFileReference; lastKnownFileType = sourcecode.swift; path = TodoListLoginViewViewModel.swift; sourceTree = "<group>"; };
		CE71A0E62A6C660E00DF729F /* TodoListRegisterViewViewModel.swift */ = {isa = PBXFileReference; lastKnownFileType = sourcecode.swift; path = TodoListRegisterViewViewModel.swift; sourceTree = "<group>"; };
		CE71A0E82A6C661E00DF729F /* TodoListItemViewViewModel.swift */ = {isa = PBXFileReference; lastKnownFileType = sourcecode.swift; path = TodoListItemViewViewModel.swift; sourceTree = "<group>"; };
		CEF3A9942A7E07C4007250DA /* ToDoListButton.swift */ = {isa = PBXFileReference; lastKnownFileType = sourcecode.swift; path = ToDoListButton.swift; sourceTree = "<group>"; };
/* End PBXFileReference section */

/* Begin PBXFrameworksBuildPhase section */
		CE71A0AA2A6C5E9E00DF729F /* Frameworks */ = {
			isa = PBXFrameworksBuildPhase;
			buildActionMask = 2147483647;
			files = (
				CE71A0C02A6C5F0400DF729F /* FirebaseAuth in Frameworks */,
				CE71A0C22A6C5F0400DF729F /* FirebaseFirestore in Frameworks */,
				CE71A0C42A6C5F0400DF729F /* FirebaseFirestoreSwift in Frameworks */,
			);
			runOnlyForDeploymentPostprocessing = 0;
		};
/* End PBXFrameworksBuildPhase section */

/* Begin PBXGroup section */
		CE71A0A42A6C5E9E00DF729F = {
			isa = PBXGroup;
			children = (
				CE71A0AF2A6C5E9E00DF729F /* TodoListApp */,
				CE71A0AE2A6C5E9E00DF729F /* Products */,
			);
			sourceTree = "<group>";
		};
		CE71A0AE2A6C5E9E00DF729F /* Products */ = {
			isa = PBXGroup;
			children = (
				CE71A0AD2A6C5E9E00DF729F /* TodoListApp.app */,
			);
			name = Products;
			sourceTree = "<group>";
		};
		CE71A0AF2A6C5E9E00DF729F /* TodoListApp */ = {
			isa = PBXGroup;
			children = (
				CE71A0CB2A6C637100DF729F /* Other */,
				CE71A0CA2A6C636700DF729F /* Models */,
				CE71A0C92A6C636000DF729F /* Views */,
				CE71A0C82A6C635200DF729F /* ViewModels */,
				CE71A0B62A6C5E9E00DF729F /* Preview Content */,
			);
			path = TodoListApp;
			sourceTree = "<group>";
		};
		CE71A0B62A6C5E9E00DF729F /* Preview Content */ = {
			isa = PBXGroup;
			children = (
				CE71A0B72A6C5E9E00DF729F /* Preview Assets.xcassets */,
			);
			path = "Preview Content";
			sourceTree = "<group>";
		};
		CE71A0C82A6C635200DF729F /* ViewModels */ = {
			isa = PBXGroup;
			children = (
				CE71A0DC2A6C65B200DF729F /* MainViewViewModel.swift */,
				CE71A0DE2A6C65D200DF729F /* TodoListProfileViewViewModel.swift */,
				CE71A0E02A6C65DE00DF729F /* TodoListViewViewModel.swift */,
				CE71A0E22A6C65ED00DF729F /* TodoListNewItemViewViewModel.swift */,
				CE71A0E42A6C65FE00DF729F /* TodoListLoginViewViewModel.swift */,
				CE71A0E62A6C660E00DF729F /* TodoListRegisterViewViewModel.swift */,
				CE71A0E82A6C661E00DF729F /* TodoListItemViewViewModel.swift */,
			);
			path = ViewModels;
			sourceTree = "<group>";
		};
		CE71A0C92A6C636000DF729F /* Views */ = {
			isa = PBXGroup;
			children = (
				CE71A0B22A6C5E9E00DF729F /* MainView.swift */,
				CE71A0D02A6C655400DF729F /* TodoListProfileView.swift */,
				CE71A0D22A6C656500DF729F /* TodoListView.swift */,
				CE71A0D42A6C657500DF729F /* TodoListNewItemView.swift */,
				CE71A0D62A6C658400DF729F /* TodoListLoginView.swift */,
				CE71A0D82A6C658E00DF729F /* TodoListRegisterView.swift */,
				CE71A0DA2A6C65A200DF729F /* TodoListItemView.swift */,
				CE156E542A77FB1B003B9074 /* HeaderView.swift */,
				CEF3A9942A7E07C4007250DA /* ToDoListButton.swift */,
			);
			path = Views;
			sourceTree = "<group>";
		};
		CE71A0CA2A6C636700DF729F /* Models */ = {
			isa = PBXGroup;
			children = (
				CE71A0CC2A6C652400DF729F /* User.swift */,
				CE71A0CE2A6C653200DF729F /* TodoListItem.swift */,
			);
			path = Models;
			sourceTree = "<group>";
		};
		CE71A0CB2A6C637100DF729F /* Other */ = {
			isa = PBXGroup;
			children = (
				CE71A0B42A6C5E9E00DF729F /* Assets.xcassets */,
				CE71A0C52A6C61BB00DF729F /* GoogleService-Info.plist */,
				CE71A0B02A6C5E9E00DF729F /* TodoListAppApp.swift */,
				CE40C1D52A7EE4DB004991F7 /* Codable + Extensions.swift */,
			);
			path = Other;
			sourceTree = "<group>";
		};
/* End PBXGroup section */

/* Begin PBXNativeTarget section */
		CE71A0AC2A6C5E9E00DF729F /* TodoListApp */ = {
			isa = PBXNativeTarget;
			buildConfigurationList = CE71A0BB2A6C5E9E00DF729F /* Build configuration list for PBXNativeTarget "TodoListApp" */;
			buildPhases = (
				CE71A0A92A6C5E9E00DF729F /* Sources */,
				CE71A0AA2A6C5E9E00DF729F /* Frameworks */,
				CE71A0AB2A6C5E9E00DF729F /* Resources */,
			);
			buildRules = (
			);
			dependencies = (
			);
			name = TodoListApp;
			packageProductDependencies = (
				CE71A0BF2A6C5F0400DF729F /* FirebaseAuth */,
				CE71A0C12A6C5F0400DF729F /* FirebaseFirestore */,
				CE71A0C32A6C5F0400DF729F /* FirebaseFirestoreSwift */,
			);
			productName = TodoListApp;
			productReference = CE71A0AD2A6C5E9E00DF729F /* TodoListApp.app */;
			productType = "com.apple.product-type.application";
		};
/* End PBXNativeTarget section */

/* Begin PBXProject section */
		CE71A0A52A6C5E9E00DF729F /* Project object */ = {
			isa = PBXProject;
			attributes = {
				BuildIndependentTargetsInParallel = 1;
				LastSwiftUpdateCheck = 1420;
				LastUpgradeCheck = 1420;
				TargetAttributes = {
					CE71A0AC2A6C5E9E00DF729F = {
						CreatedOnToolsVersion = 14.2;
					};
				};
			};
			buildConfigurationList = CE71A0A82A6C5E9E00DF729F /* Build configuration list for PBXProject "TodoListApp" */;
			compatibilityVersion = "Xcode 14.0";
			developmentRegion = en;
			hasScannedForEncodings = 0;
			knownRegions = (
				en,
				Base,
			);
			mainGroup = CE71A0A42A6C5E9E00DF729F;
			packageReferences = (
				CE71A0BE2A6C5F0400DF729F /* XCRemoteSwiftPackageReference "firebase-ios-sdk" */,
			);
			productRefGroup = CE71A0AE2A6C5E9E00DF729F /* Products */;
			projectDirPath = "";
			projectRoot = "";
			targets = (
				CE71A0AC2A6C5E9E00DF729F /* TodoListApp */,
			);
		};
/* End PBXProject section */

/* Begin PBXResourcesBuildPhase section */
		CE71A0AB2A6C5E9E00DF729F /* Resources */ = {
			isa = PBXResourcesBuildPhase;
			buildActionMask = 2147483647;
			files = (
				CE71A0B82A6C5E9E00DF729F /* Preview Assets.xcassets in Resources */,
				CE71A0B52A6C5E9E00DF729F /* Assets.xcassets in Resources */,
				CE71A0C62A6C61BB00DF729F /* GoogleService-Info.plist in Resources */,
			);
			runOnlyForDeploymentPostprocessing = 0;
		};
/* End PBXResourcesBuildPhase section */

/* Begin PBXSourcesBuildPhase section */
		CE71A0A92A6C5E9E00DF729F /* Sources */ = {
			isa = PBXSourcesBuildPhase;
			buildActionMask = 2147483647;
			files = (
				CE71A0D92A6C658E00DF729F /* TodoListRegisterView.swift in Sources */,
				CE156E552A77FB1B003B9074 /* HeaderView.swift in Sources */,
				CE71A0E92A6C661E00DF729F /* TodoListItemViewViewModel.swift in Sources */,
				CE71A0DB2A6C65A200DF729F /* TodoListItemView.swift in Sources */,
				CE71A0DD2A6C65B300DF729F /* MainViewViewModel.swift in Sources */,
				CE71A0D72A6C658400DF729F /* TodoListLoginView.swift in Sources */,
				CE71A0B32A6C5E9E00DF729F /* MainView.swift in Sources */,
				CE71A0E52A6C65FE00DF729F /* TodoListLoginViewViewModel.swift in Sources */,
				CEF3A9952A7E07C4007250DA /* ToDoListButton.swift in Sources */,
				CE71A0B12A6C5E9E00DF729F /* TodoListAppApp.swift in Sources */,
				CE40C1D62A7EE4DB004991F7 /* Codable + Extensions.swift in Sources */,
				CE71A0D32A6C656500DF729F /* TodoListView.swift in Sources */,
				CE71A0E32A6C65ED00DF729F /* TodoListNewItemViewViewModel.swift in Sources */,
				CE71A0D12A6C655400DF729F /* TodoListProfileView.swift in Sources */,
				CE71A0E12A6C65DE00DF729F /* TodoListViewViewModel.swift in Sources */,
				CE71A0CF2A6C653200DF729F /* TodoListItem.swift in Sources */,
				CE71A0E72A6C660E00DF729F /* TodoListRegisterViewViewModel.swift in Sources */,
				CE71A0CD2A6C652400DF729F /* User.swift in Sources */,
				CE71A0D52A6C657500DF729F /* TodoListNewItemView.swift in Sources */,
				CE71A0DF2A6C65D200DF729F /* TodoListProfileViewViewModel.swift in Sources */,
			);
			runOnlyForDeploymentPostprocessing = 0;
		};
/* End PBXSourcesBuildPhase section */

/* Begin XCBuildConfiguration section */
		CE71A0B92A6C5E9E00DF729F /* Debug */ = {
			isa = XCBuildConfiguration;
			buildSettings = {
				ALWAYS_SEARCH_USER_PATHS = NO;
				CLANG_ANALYZER_NONNULL = YES;
				CLANG_ANALYZER_NUMBER_OBJECT_CONVERSION = YES_AGGRESSIVE;
				CLANG_CXX_LANGUAGE_STANDARD = "gnu++20";
				CLANG_ENABLE_MODULES = YES;
				CLANG_ENABLE_OBJC_ARC = YES;
				CLANG_ENABLE_OBJC_WEAK = YES;
				CLANG_WARN_BLOCK_CAPTURE_AUTORELEASING = YES;
				CLANG_WARN_BOOL_CONVERSION = YES;
				CLANG_WARN_COMMA = YES;
				CLANG_WARN_CONSTANT_CONVERSION = YES;
				CLANG_WARN_DEPRECATED_OBJC_IMPLEMENTATIONS = YES;
				CLANG_WARN_DIRECT_OBJC_ISA_USAGE = YES_ERROR;
				CLANG_WARN_DOCUMENTATION_COMMENTS = YES;
				CLANG_WARN_EMPTY_BODY = YES;
				CLANG_WARN_ENUM_CONVERSION = YES;
				CLANG_WARN_INFINITE_RECURSION = YES;
				CLANG_WARN_INT_CONVERSION = YES;
				CLANG_WARN_NON_LITERAL_NULL_CONVERSION = YES;
				CLANG_WARN_OBJC_IMPLICIT_RETAIN_SELF = YES;
				CLANG_WARN_OBJC_LITERAL_CONVERSION = YES;
				CLANG_WARN_OBJC_ROOT_CLASS = YES_ERROR;
				CLANG_WARN_QUOTED_INCLUDE_IN_FRAMEWORK_HEADER = YES;
				CLANG_WARN_RANGE_LOOP_ANALYSIS = YES;
				CLANG_WARN_STRICT_PROTOTYPES = YES;
				CLANG_WARN_SUSPICIOUS_MOVE = YES;
				CLANG_WARN_UNGUARDED_AVAILABILITY = YES_AGGRESSIVE;
				CLANG_WARN_UNREACHABLE_CODE = YES;
				CLANG_WARN__DUPLICATE_METHOD_MATCH = YES;
				COPY_PHASE_STRIP = NO;
				DEBUG_INFORMATION_FORMAT = dwarf;
				ENABLE_STRICT_OBJC_MSGSEND = YES;
				ENABLE_TESTABILITY = YES;
				GCC_C_LANGUAGE_STANDARD = gnu11;
				GCC_DYNAMIC_NO_PIC = NO;
				GCC_NO_COMMON_BLOCKS = YES;
				GCC_OPTIMIZATION_LEVEL = 0;
				GCC_PREPROCESSOR_DEFINITIONS = (
					"DEBUG=1",
					"$(inherited)",
				);
				GCC_WARN_64_TO_32_BIT_CONVERSION = YES;
				GCC_WARN_ABOUT_RETURN_TYPE = YES_ERROR;
				GCC_WARN_UNDECLARED_SELECTOR = YES;
				GCC_WARN_UNINITIALIZED_AUTOS = YES_AGGRESSIVE;
				GCC_WARN_UNUSED_FUNCTION = YES;
				GCC_WARN_UNUSED_VARIABLE = YES;
				IPHONEOS_DEPLOYMENT_TARGET = 16.2;
				MTL_ENABLE_DEBUG_INFO = INCLUDE_SOURCE;
				MTL_FAST_MATH = YES;
				ONLY_ACTIVE_ARCH = YES;
				SDKROOT = iphoneos;
				SWIFT_ACTIVE_COMPILATION_CONDITIONS = DEBUG;
				SWIFT_OPTIMIZATION_LEVEL = "-Onone";
			};
			name = Debug;
		};
		CE71A0BA2A6C5E9E00DF729F /* Release */ = {
			isa = XCBuildConfiguration;
			buildSettings = {
				ALWAYS_SEARCH_USER_PATHS = NO;
				CLANG_ANALYZER_NONNULL = YES;
				CLANG_ANALYZER_NUMBER_OBJECT_CONVERSION = YES_AGGRESSIVE;
				CLANG_CXX_LANGUAGE_STANDARD = "gnu++20";
				CLANG_ENABLE_MODULES = YES;
				CLANG_ENABLE_OBJC_ARC = YES;
				CLANG_ENABLE_OBJC_WEAK = YES;
				CLANG_WARN_BLOCK_CAPTURE_AUTORELEASING = YES;
				CLANG_WARN_BOOL_CONVERSION = YES;
				CLANG_WARN_COMMA = YES;
				CLANG_WARN_CONSTANT_CONVERSION = YES;
				CLANG_WARN_DEPRECATED_OBJC_IMPLEMENTATIONS = YES;
				CLANG_WARN_DIRECT_OBJC_ISA_USAGE = YES_ERROR;
				CLANG_WARN_DOCUMENTATION_COMMENTS = YES;
				CLANG_WARN_EMPTY_BODY = YES;
				CLANG_WARN_ENUM_CONVERSION = YES;
				CLANG_WARN_INFINITE_RECURSION = YES;
				CLANG_WARN_INT_CONVERSION = YES;
				CLANG_WARN_NON_LITERAL_NULL_CONVERSION = YES;
				CLANG_WARN_OBJC_IMPLICIT_RETAIN_SELF = YES;
				CLANG_WARN_OBJC_LITERAL_CONVERSION = YES;
				CLANG_WARN_OBJC_ROOT_CLASS = YES_ERROR;
				CLANG_WARN_QUOTED_INCLUDE_IN_FRAMEWORK_HEADER = YES;
				CLANG_WARN_RANGE_LOOP_ANALYSIS = YES;
				CLANG_WARN_STRICT_PROTOTYPES = YES;
				CLANG_WARN_SUSPICIOUS_MOVE = YES;
				CLANG_WARN_UNGUARDED_AVAILABILITY = YES_AGGRESSIVE;
				CLANG_WARN_UNREACHABLE_CODE = YES;
				CLANG_WARN__DUPLICATE_METHOD_MATCH = YES;
				COPY_PHASE_STRIP = NO;
				DEBUG_INFORMATION_FORMAT = "dwarf-with-dsym";
				ENABLE_NS_ASSERTIONS = NO;
				ENABLE_STRICT_OBJC_MSGSEND = YES;
				GCC_C_LANGUAGE_STANDARD = gnu11;
				GCC_NO_COMMON_BLOCKS = YES;
				GCC_WARN_64_TO_32_BIT_CONVERSION = YES;
				GCC_WARN_ABOUT_RETURN_TYPE = YES_ERROR;
				GCC_WARN_UNDECLARED_SELECTOR = YES;
				GCC_WARN_UNINITIALIZED_AUTOS = YES_AGGRESSIVE;
				GCC_WARN_UNUSED_FUNCTION = YES;
				GCC_WARN_UNUSED_VARIABLE = YES;
				IPHONEOS_DEPLOYMENT_TARGET = 16.2;
				MTL_ENABLE_DEBUG_INFO = NO;
				MTL_FAST_MATH = YES;
				SDKROOT = iphoneos;
				SWIFT_COMPILATION_MODE = wholemodule;
				SWIFT_OPTIMIZATION_LEVEL = "-O";
				VALIDATE_PRODUCT = YES;
			};
			name = Release;
		};
		CE71A0BC2A6C5E9E00DF729F /* Debug */ = {
			isa = XCBuildConfiguration;
			buildSettings = {
				ASSETCATALOG_COMPILER_APPICON_NAME = AppIcon;
				ASSETCATALOG_COMPILER_GLOBAL_ACCENT_COLOR_NAME = AccentColor;
				CODE_SIGN_STYLE = Automatic;
				CURRENT_PROJECT_VERSION = 1;
				DEVELOPMENT_ASSET_PATHS = "\"TodoListApp/Preview Content\"";
				DEVELOPMENT_TEAM = LFHK2L5V9K;
				ENABLE_PREVIEWS = YES;
				GENERATE_INFOPLIST_FILE = YES;
				INFOPLIST_KEY_CFBundleDisplayName = "To Do List";
				INFOPLIST_KEY_UIApplicationSceneManifest_Generation = YES;
				INFOPLIST_KEY_UIApplicationSupportsIndirectInputEvents = YES;
				INFOPLIST_KEY_UILaunchScreen_Generation = YES;
				INFOPLIST_KEY_UISupportedInterfaceOrientations = UIInterfaceOrientationPortrait;
				IPHONEOS_DEPLOYMENT_TARGET = 15.0;
				LD_RUNPATH_SEARCH_PATHS = (
					"$(inherited)",
					"@executable_path/Frameworks",
				);
				MARKETING_VERSION = 1.0;
				PRODUCT_BUNDLE_IDENTIFIER = com.alexbitar80.MyTodoListApp;
				PRODUCT_NAME = "$(TARGET_NAME)";
				SWIFT_EMIT_LOC_STRINGS = YES;
				SWIFT_VERSION = 5.0;
				TARGETED_DEVICE_FAMILY = "1,2";
			};
			name = Debug;
		};
		CE71A0BD2A6C5E9E00DF729F /* Release */ = {
			isa = XCBuildConfiguration;
			buildSettings = {
				ASSETCATALOG_COMPILER_APPICON_NAME = AppIcon;
				ASSETCATALOG_COMPILER_GLOBAL_ACCENT_COLOR_NAME = AccentColor;
				CODE_SIGN_STYLE = Automatic;
				CURRENT_PROJECT_VERSION = 1;
				DEVELOPMENT_ASSET_PATHS = "\"TodoListApp/Preview Content\"";
				DEVELOPMENT_TEAM = LFHK2L5V9K;
				ENABLE_PREVIEWS = YES;
				GENERATE_INFOPLIST_FILE = YES;
				INFOPLIST_KEY_CFBundleDisplayName = "To Do List";
				INFOPLIST_KEY_UIApplicationSceneManifest_Generation = YES;
				INFOPLIST_KEY_UIApplicationSupportsIndirectInputEvents = YES;
				INFOPLIST_KEY_UILaunchScreen_Generation = YES;
				INFOPLIST_KEY_UISupportedInterfaceOrientations = UIInterfaceOrientationPortrait;
				IPHONEOS_DEPLOYMENT_TARGET = 15.0;
				LD_RUNPATH_SEARCH_PATHS = (
					"$(inherited)",
					"@executable_path/Frameworks",
				);
				MARKETING_VERSION = 1.0;
				PRODUCT_BUNDLE_IDENTIFIER = com.alexbitar80.MyTodoListApp;
				PRODUCT_NAME = "$(TARGET_NAME)";
				SWIFT_EMIT_LOC_STRINGS = YES;
				SWIFT_VERSION = 5.0;
				TARGETED_DEVICE_FAMILY = "1,2";
			};
			name = Release;
		};
/* End XCBuildConfiguration section */

/* Begin XCConfigurationList section */
		CE71A0A82A6C5E9E00DF729F /* Build configuration list for PBXProject "TodoListApp" */ = {
			isa = XCConfigurationList;
			buildConfigurations = (
				CE71A0B92A6C5E9E00DF729F /* Debug */,
				CE71A0BA2A6C5E9E00DF729F /* Release */,
			);
			defaultConfigurationIsVisible = 0;
			defaultConfigurationName = Release;
		};
		CE71A0BB2A6C5E9E00DF729F /* Build configuration list for PBXNativeTarget "TodoListApp" */ = {
			isa = XCConfigurationList;
			buildConfigurations = (
				CE71A0BC2A6C5E9E00DF729F /* Debug */,
				CE71A0BD2A6C5E9E00DF729F /* Release */,
			);
			defaultConfigurationIsVisible = 0;
			defaultConfigurationName = Release;
		};
/* End XCConfigurationList section */

/* Begin XCRemoteSwiftPackageReference section */
		CE71A0BE2A6C5F0400DF729F /* XCRemoteSwiftPackageReference "firebase-ios-sdk" */ = {
			isa = XCRemoteSwiftPackageReference;
			repositoryURL = "https://github.com/firebase/firebase-ios-sdk";
			requirement = {
				branch = master;
				kind = branch;
			};
		};
/* End XCRemoteSwiftPackageReference section */

/* Begin XCSwiftPackageProductDependency section */
		CE71A0BF2A6C5F0400DF729F /* FirebaseAuth */ = {
			isa = XCSwiftPackageProductDependency;
			package = CE71A0BE2A6C5F0400DF729F /* XCRemoteSwiftPackageReference "firebase-ios-sdk" */;
			productName = FirebaseAuth;
		};
		CE71A0C12A6C5F0400DF729F /* FirebaseFirestore */ = {
			isa = XCSwiftPackageProductDependency;
			package = CE71A0BE2A6C5F0400DF729F /* XCRemoteSwiftPackageReference "firebase-ios-sdk" */;
			productName = FirebaseFirestore;
		};
		CE71A0C32A6C5F0400DF729F /* FirebaseFirestoreSwift */ = {
			isa = XCSwiftPackageProductDependency;
			package = CE71A0BE2A6C5F0400DF729F /* XCRemoteSwiftPackageReference "firebase-ios-sdk" */;
			productName = FirebaseFirestoreSwift;
		};
/* End XCSwiftPackageProductDependency section */
	};
	rootObject = CE71A0A52A6C5E9E00DF729F /* Project object */;
}
